
Microsoft Visual Studio Solution File, Format Version 12.00
# Visual Studio Version 17
VisualStudioVersion = 17.13.35919.96 d17.13
MinimumVisualStudioVersion = 10.0.40219.1
Project("{FAE04EC0-301F-11D3-BF4B-00C04F79EFBC}") = "Chess", "Chess.csproj", "{4DB78752-CD6D-45DA-9ED9-A63203FECDF5}"
EndProject
Global
	GlobalSection(SolutionConfigurationPlatforms) = preSolution
		Debug|Any CPU = Debug|Any CPU
		Release|Any CPU = Release|Any CPU
	EndGlobalSection
	GlobalSection(ProjectConfigurationPlatforms) = postSolution
		{4DB78752-CD6D-45DA-9ED9-A63203FECDF5}.Debug|Any CPU.ActiveCfg = Debug|Any CPU
		{4DB78752-CD6D-45DA-9ED9-A63203FECDF5}.Debug|Any CPU.Build.0 = Debug|Any CPU
		{4DB78752-CD6D-45DA-9ED9-A63203FECDF5}.Release|Any CPU.ActiveCfg = Release|Any CPU
		{4DB78752-CD6D-45DA-9ED9-A63203FECDF5}.Release|Any CPU.Build.0 = Release|Any CPU
	EndGlobalSection
	GlobalSection(SolutionProperties) = preSolution
		HideSolutionNode = FALSE
	EndGlobalSection
	GlobalSection(ExtensibilityGlobals) = postSolution
		SolutionGuid = {327B5939-60E9-4A8B-B5AD-9CF3B0B6EFB7}
	EndGlobalSection
EndGlobal
